// !$*UTF8*$!
{
	archiveVersion = 1;
	classes = {
	};
	objectVersion = 46;
	objects = {

/* Begin PBXBuildFile section */
		02116C280E5A262B000D52B3 /* AMSwitchButton.m in Sources */ = {isa = PBXBuildFile; fileRef = 02116C270E5A262B000D52B3 /* AMSwitchButton.m */; };
		0219E3FF0DF7591D00E64A18 /* delButton.png in Resources */ = {isa = PBXBuildFile; fileRef = 0219E3FD0DF7591D00E64A18 /* delButton.png */; };
		0219E4000DF7591D00E64A18 /* addButton.png in Resources */ = {isa = PBXBuildFile; fileRef = 0219E3FE0DF7591D00E64A18 /* addButton.png */; };
		022082A90E268E69004F2B5A /* Localizable.strings in Resources */ = {isa = PBXBuildFile; fileRef = 022082A70E268E69004F2B5A /* Localizable.strings */; };
		0221D4B20DF54930002AB57B /* app.icns.disabled in Resources */ = {isa = PBXBuildFile; fileRef = 0221D4B10DF54930002AB57B /* app.icns.disabled */; };
		0232C0CC0EED63E500D85580 /* SecurityFoundation.framework in Frameworks */ = {isa = PBXBuildFile; fileRef = 0232C0CB0EED63E500D85580 /* SecurityFoundation.framework */; };
		0236404F0E24FAAA007271F1 /* AMServerViewController.m in Sources */ = {isa = PBXBuildFile; fileRef = 0236404E0E24FAAA007271F1 /* AMServerViewController.m */; };
		023645080E256FC1007271F1 /* AMSessionViewController.m in Sources */ = {isa = PBXBuildFile; fileRef = 023645070E256FC1007271F1 /* AMSessionViewController.m */; };
		02376AE10E23C0790058B22A /* AMAccountViewController.m in Sources */ = {isa = PBXBuildFile; fileRef = 02376ADF0E23C0790058B22A /* AMAccountViewController.m */; };
		02376B4F0E23C4AD0058B22A /* createAbornetAccount.sh in Resources */ = {isa = PBXBuildFile; fileRef = 02376B4E0E23C4AD0058B22A /* createAbornetAccount.sh */; };
		023B9C4B0DF9AEF700C07FD9 /* RemoveKeyCommand.sh in Resources */ = {isa = PBXBuildFile; fileRef = 023B9C4A0DF9AEF700C07FD9 /* RemoveKeyCommand.sh */; };
		024491740E608A8F00D92725 /* sessions.sst in Resources */ = {isa = PBXBuildFile; fileRef = 024491730E608A8F00D92725 /* sessions.sst */; };
		02452E9C0DF6D1CD00119375 /* SSHCommand.sh in Resources */ = {isa = PBXBuildFile; fileRef = 02452E9B0DF6D1CD00119375 /* SSHCommand.sh */; };
		024B09930E5EF0FB00F9ECCF /* messages.m in Sources */ = {isa = PBXBuildFile; fileRef = 024B09920E5EF0FB00F9ECCF /* messages.m */; };
		02534A8F0E605306006310FA /* AMNetworkServicesChooser.m in Sources */ = {isa = PBXBuildFile; fileRef = 02534A8E0E605306006310FA /* AMNetworkServicesChooser.m */; };
		025F9BC40DF98A4700813277 /* keyed.tiff in Resources */ = {isa = PBXBuildFile; fileRef = 025F9BC30DF98A4700813277 /* keyed.tiff */; };
		02697F1E0DF9210B00D9C22C /* PutKeyCommand.sh in Resources */ = {isa = PBXBuildFile; fileRef = 02697F1D0DF9210B00D9C22C /* PutKeyCommand.sh */; };
		02697FFB0DF93D9800D9C22C /* Keychain.icns in Resources */ = {isa = PBXBuildFile; fileRef = 02697FFA0DF93D9800D9C22C /* Keychain.icns */; };
		026982010DF965BE00D9C22C /* GenerateKeyCommand.sh in Resources */ = {isa = PBXBuildFile; fileRef = 026982000DF965BE00D9C22C /* GenerateKeyCommand.sh */; };
		0274BAAC0DF424F800C09AEE /* MyAppController.m in Sources */ = {isa = PBXBuildFile; fileRef = 0274BAAB0DF424F800C09AEE /* MyAppController.m */; };
		0274BB310DF43A9F00C09AEE /* AMSession.m in Sources */ = {isa = PBXBuildFile; fileRef = 0274BB300DF43A9F00C09AEE /* AMSession.m */; };
		027C6FEE0E37EFC300979554 /* app.icns in Resources */ = {isa = PBXBuildFile; fileRef = 027C6FED0E37EFC300979554 /* app.icns */; };
		0282BB430E09BA680006BA62 /* AMServer.m in Sources */ = {isa = PBXBuildFile; fileRef = 0282BB420E09BA680006BA62 /* AMServer.m */; };
		0291EDFB0E2F6A4B00A54752 /* AMService.m in Sources */ = {isa = PBXBuildFile; fileRef = 0291EDF90E2F6A4B00A54752 /* AMService.m */; };
		029818000E0B129E00D0DBE7 /* SplitterHandle.tiff in Resources */ = {isa = PBXBuildFile; fileRef = 029817FF0E0B129E00D0DBE7 /* SplitterHandle.tiff */; };
		029A9AC30E24B6C20060C11F /* register.icns in Resources */ = {isa = PBXBuildFile; fileRef = 029A9AC20E24B6C20060C11F /* register.icns */; };
		029BE6970E27FF990099093A /* AMWindow.m in Sources */ = {isa = PBXBuildFile; fileRef = 029BE6960E27FF990099093A /* AMWindow.m */; };
		029BE6D40E2803610099093A /* AMBaseViewController.m in Sources */ = {isa = PBXBuildFile; fileRef = 029BE6D20E2803610099093A /* AMBaseViewController.m */; };
		029BE79F0E280D6B0099093A /* AMPopUpButton.m in Sources */ = {isa = PBXBuildFile; fileRef = 029BE79E0E280D6B0099093A /* AMPopUpButton.m */; };
		029BE7DC0E28143E0099093A /* serversAccounts.plist in Resources */ = {isa = PBXBuildFile; fileRef = 029BE7DB0E28143E0099093A /* serversAccounts.plist */; };
		029C395C0E5F989D009B7688 /* COPYING.txt in Resources */ = {isa = PBXBuildFile; fileRef = 029C395B0E5F989D009B7688 /* COPYING.txt */; };
		029C395F0E5F98D6009B7688 /* AUTHORS.txt in Resources */ = {isa = PBXBuildFile; fileRef = 029C395D0E5F98D6009B7688 /* AUTHORS.txt */; };
		029C39600E5F98D6009B7688 /* CHANGELOG.txt in Resources */ = {isa = PBXBuildFile; fileRef = 029C395E0E5F98D6009B7688 /* CHANGELOG.txt */; };
		029C39A60E5F9B92009B7688 /* SSHTunnelWorkaround in Resources */ = {isa = PBXBuildFile; fileRef = 029C399A0E5F9B92009B7688 /* SSHTunnelWorkaround */; };
		02AF86EA0E5C9AA200DD6F70 /* MainMenu.xib in Resources */ = {isa = PBXBuildFile; fileRef = 022082820E268CE6004F2B5A /* MainMenu.xib */; };
		02B10F680E5DE0E200715AE4 /* AMTreeController.m in Sources */ = {isa = PBXBuildFile; fileRef = 02B10F670E5DE0E200715AE4 /* AMTreeController.m */; };
		02B110AD0E5E1A9A00715AE4 /* taskbarIcon.tiff in Resources */ = {isa = PBXBuildFile; fileRef = 02B110AC0E5E1A9A00715AE4 /* taskbarIcon.tiff */; };
		02B118E50E30C925003886A7 /* AMServiceViewController.m in Sources */ = {isa = PBXBuildFile; fileRef = 02B118E40E30C925003886A7 /* AMServiceViewController.m */; };
		02B11C680E3101F3003886A7 /* Terminal.icns in Resources */ = {isa = PBXBuildFile; fileRef = 02B11C670E3101F3003886A7 /* Terminal.icns */; };
		02B11C970E3103B7003886A7 /* radar.icns in Resources */ = {isa = PBXBuildFile; fileRef = 02B11C960E3103B7003886A7 /* radar.icns */; };
		02B11CB20E311062003886A7 /* inTunnel.tif in Resources */ = {isa = PBXBuildFile; fileRef = 02B11CB00E311062003886A7 /* inTunnel.tif */; };
		02B11CB30E311062003886A7 /* outTunnel.tif in Resources */ = {isa = PBXBuildFile; fileRef = 02B11CB10E311062003886A7 /* outTunnel.tif */; };
		02B214C10E6073F8007014CB /* services.sst in Resources */ = {isa = PBXBuildFile; fileRef = 02B214BE0E6073F8007014CB /* services.sst */; };
		02B27FBF0E265ECE00245740 /* auth_server_icon.png in Resources */ = {isa = PBXBuildFile; fileRef = 02B27FBE0E265ECE00245740 /* auth_server_icon.png */; };
		02BAA5FC0DF591D70084F84B /* QuartzCore.framework in Frameworks */ = {isa = PBXBuildFile; fileRef = 02BAA5FB0DF591D70084F84B /* QuartzCore.framework */; };
		02BC8ED30E0AB7F60005759C /* Blank.icns in Resources */ = {isa = PBXBuildFile; fileRef = 02BC8ED20E0AB7F60005759C /* Blank.icns */; };
		02BC8ED90E0AB9330005759C /* destroy.icns in Resources */ = {isa = PBXBuildFile; fileRef = 02BC8ED80E0AB9330005759C /* destroy.icns */; };
		02BC8EDD0E0AB9A30005759C /* stopAll.icns in Resources */ = {isa = PBXBuildFile; fileRef = 02BC8EDC0E0AB9A30005759C /* stopAll.icns */; };
		02BF2AA30E60BDB70052730C /* tube.tif in Resources */ = {isa = PBXBuildFile; fileRef = 02BF2AA20E60BDB70052730C /* tube.tif */; };
		02C620030E5A19D8005B6DC7 /* AMButtonMenu.m in Sources */ = {isa = PBXBuildFile; fileRef = 02C620020E5A19D8005B6DC7 /* AMButtonMenu.m */; };
		02CC7A430E5CD236007AE08D /* Security.framework in Frameworks */ = {isa = PBXBuildFile; fileRef = 02CC7A420E5CD236007AE08D /* Security.framework */; };
		02F375720E5F0D5B00F23038 /* SSHShell.command in Resources */ = {isa = PBXBuildFile; fileRef = 02F375710E5F0D5B00F23038 /* SSHShell.command */; };
		02F488260E5AE97F00FB6844 /* tmbutton.png in Resources */ = {isa = PBXBuildFile; fileRef = 02F488250E5AE97F00FB6844 /* tmbutton.png */; };
		02F488C20E5AF79A00FB6844 /* prefs.icns in Resources */ = {isa = PBXBuildFile; fileRef = 02F488C10E5AF79A00FB6844 /* prefs.icns */; };
		8D11072B0486CEB800E47090 /* InfoPlist.strings in Resources */ = {isa = PBXBuildFile; fileRef = 089C165CFE840E0CC02AAC07 /* InfoPlist.strings */; };
		8D11072D0486CEB800E47090 /* main.m in Sources */ = {isa = PBXBuildFile; fileRef = 29B97316FDCFA39411CA2CEA /* main.m */; settings = {ATTRIBUTES = (); }; };
		8D11072F0486CEB800E47090 /* Cocoa.framework in Frameworks */ = {isa = PBXBuildFile; fileRef = 1058C7A1FEA54F0111CA2CBB /* Cocoa.framework */; };
		DDB56A161C188A60002301B5 /* statusGreen.png in Resources */ = {isa = PBXBuildFile; fileRef = DDB56A0D1C188A60002301B5 /* statusGreen.png */; };
		DDB56A171C188A60002301B5 /* statusGreen@2x.png in Resources */ = {isa = PBXBuildFile; fileRef = DDB56A0E1C188A60002301B5 /* statusGreen@2x.png */; };
		DDB56A181C188A60002301B5 /* statusGreen@3x.png in Resources */ = {isa = PBXBuildFile; fileRef = DDB56A0F1C188A60002301B5 /* statusGreen@3x.png */; };
		DDB56A191C188A60002301B5 /* statusOrange.png in Resources */ = {isa = PBXBuildFile; fileRef = DDB56A101C188A60002301B5 /* statusOrange.png */; };
		DDB56A1A1C188A60002301B5 /* statusOrange@2x.png in Resources */ = {isa = PBXBuildFile; fileRef = DDB56A111C188A60002301B5 /* statusOrange@2x.png */; };
		DDB56A1B1C188A60002301B5 /* statusOrange@3x.png in Resources */ = {isa = PBXBuildFile; fileRef = DDB56A121C188A60002301B5 /* statusOrange@3x.png */; };
		DDB56A1C1C188A60002301B5 /* statusRed.png in Resources */ = {isa = PBXBuildFile; fileRef = DDB56A131C188A60002301B5 /* statusRed.png */; };
		DDB56A1D1C188A60002301B5 /* statusRed@2x.png in Resources */ = {isa = PBXBuildFile; fileRef = DDB56A141C188A60002301B5 /* statusRed@2x.png */; };
		DDB56A1E1C188A60002301B5 /* statusRed@3x.png in Resources */ = {isa = PBXBuildFile; fileRef = DDB56A151C188A60002301B5 /* statusRed@3x.png */; };
		DDB56A221C188A86002301B5 /* AMResourcesHelper.m in Sources */ = {isa = PBXBuildFile; fileRef = DDB56A211C188A86002301B5 /* AMResourcesHelper.m */; };
/* End PBXBuildFile section */

/* Begin PBXFileReference section */
		02116C260E5A262B000D52B3 /* AMSwitchButton.h */ = {isa = PBXFileReference; fileEncoding = 4; lastKnownFileType = sourcecode.c.h; path = AMSwitchButton.h; sourceTree = "<group>"; };
		02116C270E5A262B000D52B3 /* AMSwitchButton.m */ = {isa = PBXFileReference; fileEncoding = 4; lastKnownFileType = sourcecode.c.objc; path = AMSwitchButton.m; sourceTree = "<group>"; };
		0219E3FD0DF7591D00E64A18 /* delButton.png */ = {isa = PBXFileReference; lastKnownFileType = image.png; path = delButton.png; sourceTree = "<group>"; };
		0219E3FE0DF7591D00E64A18 /* addButton.png */ = {isa = PBXFileReference; lastKnownFileType = image.png; path = addButton.png; sourceTree = "<group>"; };
		022082820E268CE6004F2B5A /* MainMenu.xib */ = {isa = PBXFileReference; lastKnownFileType = file.xib; path = MainMenu.xib; sourceTree = "<group>"; };
		022082A80E268E69004F2B5A /* English */ = {isa = PBXFileReference; fileEncoding = 10; lastKnownFileType = text.plist.strings; name = English; path = English.lproj/Localizable.strings; sourceTree = "<group>"; };
		0221D4B10DF54930002AB57B /* app.icns.disabled */ = {isa = PBXFileReference; lastKnownFileType = file; path = app.icns.disabled; sourceTree = "<group>"; };
		0232C0CB0EED63E500D85580 /* SecurityFoundation.framework */ = {isa = PBXFileReference; lastKnownFileType = wrapper.framework; name = SecurityFoundation.framework; path = System/Library/Frameworks/SecurityFoundation.framework; sourceTree = SDKROOT; };
		0236404D0E24FAAA007271F1 /* AMServerViewController.h */ = {isa = PBXFileReference; fileEncoding = 4; lastKnownFileType = sourcecode.c.h; path = AMServerViewController.h; sourceTree = "<group>"; };
		0236404E0E24FAAA007271F1 /* AMServerViewController.m */ = {isa = PBXFileReference; fileEncoding = 4; lastKnownFileType = sourcecode.c.objc; path = AMServerViewController.m; sourceTree = "<group>"; };
		023645060E256FC1007271F1 /* AMSessionViewController.h */ = {isa = PBXFileReference; fileEncoding = 4; lastKnownFileType = sourcecode.c.h; path = AMSessionViewController.h; sourceTree = "<group>"; };
		023645070E256FC1007271F1 /* AMSessionViewController.m */ = {isa = PBXFileReference; fileEncoding = 4; lastKnownFileType = sourcecode.c.objc; path = AMSessionViewController.m; sourceTree = "<group>"; };
		02376ADF0E23C0790058B22A /* AMAccountViewController.m */ = {isa = PBXFileReference; fileEncoding = 4; lastKnownFileType = sourcecode.c.objc; path = AMAccountViewController.m; sourceTree = "<group>"; };
		02376AE00E23C0790058B22A /* AMAccountViewController.h */ = {isa = PBXFileReference; fileEncoding = 4; lastKnownFileType = sourcecode.c.h; path = AMAccountViewController.h; sourceTree = "<group>"; };
		02376B4E0E23C4AD0058B22A /* createAbornetAccount.sh */ = {isa = PBXFileReference; fileEncoding = 4; lastKnownFileType = text.script.sh; path = createAbornetAccount.sh; sourceTree = "<group>"; };
		023B9C4A0DF9AEF700C07FD9 /* RemoveKeyCommand.sh */ = {isa = PBXFileReference; fileEncoding = 4; lastKnownFileType = text.script.sh; path = RemoveKeyCommand.sh; sourceTree = "<group>"; };
		024491730E608A8F00D92725 /* sessions.sst */ = {isa = PBXFileReference; lastKnownFileType = file.bplist; path = sessions.sst; sourceTree = "<group>"; };
		02452E9B0DF6D1CD00119375 /* SSHCommand.sh */ = {isa = PBXFileReference; fileEncoding = 4; lastKnownFileType = text.script.sh; path = SSHCommand.sh; sourceTree = "<group>"; };
		024B09910E5EF0FB00F9ECCF /* messages.h */ = {isa = PBXFileReference; fileEncoding = 4; lastKnownFileType = sourcecode.c.h; path = messages.h; sourceTree = "<group>"; };
		024B09920E5EF0FB00F9ECCF /* messages.m */ = {isa = PBXFileReference; fileEncoding = 4; lastKnownFileType = sourcecode.c.objc; path = messages.m; sourceTree = "<group>"; };
		02534A8D0E605306006310FA /* AMNetworkServicesChooser.h */ = {isa = PBXFileReference; fileEncoding = 4; lastKnownFileType = sourcecode.c.h; path = AMNetworkServicesChooser.h; sourceTree = "<group>"; };
		02534A8E0E605306006310FA /* AMNetworkServicesChooser.m */ = {isa = PBXFileReference; fileEncoding = 4; lastKnownFileType = sourcecode.c.objc; path = AMNetworkServicesChooser.m; sourceTree = "<group>"; };
		025F9BC30DF98A4700813277 /* keyed.tiff */ = {isa = PBXFileReference; lastKnownFileType = image.tiff; path = keyed.tiff; sourceTree = "<group>"; };
		02697F1D0DF9210B00D9C22C /* PutKeyCommand.sh */ = {isa = PBXFileReference; fileEncoding = 4; lastKnownFileType = text.script.sh; path = PutKeyCommand.sh; sourceTree = "<group>"; };
		02697FFA0DF93D9800D9C22C /* Keychain.icns */ = {isa = PBXFileReference; lastKnownFileType = image.icns; path = Keychain.icns; sourceTree = "<group>"; };
		026982000DF965BE00D9C22C /* GenerateKeyCommand.sh */ = {isa = PBXFileReference; fileEncoding = 4; lastKnownFileType = text.script.sh; path = GenerateKeyCommand.sh; sourceTree = "<group>"; };
		0274BAAA0DF424F800C09AEE /* MyAppController.h */ = {isa = PBXFileReference; fileEncoding = 4; lastKnownFileType = sourcecode.c.h; path = MyAppController.h; sourceTree = "<group>"; };
		0274BAAB0DF424F800C09AEE /* MyAppController.m */ = {isa = PBXFileReference; fileEncoding = 4; lastKnownFileType = sourcecode.c.objc; path = MyAppController.m; sourceTree = "<group>"; wrapsLines = 0; };
		0274BB2F0DF43A9F00C09AEE /* AMSession.h */ = {isa = PBXFileReference; fileEncoding = 4; lastKnownFileType = sourcecode.c.h; path = AMSession.h; sourceTree = "<group>"; };
		0274BB300DF43A9F00C09AEE /* AMSession.m */ = {isa = PBXFileReference; fileEncoding = 4; lastKnownFileType = sourcecode.c.objc; path = AMSession.m; sourceTree = "<group>"; };
		027C6FED0E37EFC300979554 /* app.icns */ = {isa = PBXFileReference; lastKnownFileType = image.icns; path = app.icns; sourceTree = "<group>"; };
		0282BB410E09BA680006BA62 /* AMServer.h */ = {isa = PBXFileReference; fileEncoding = 4; lastKnownFileType = sourcecode.c.h; path = AMServer.h; sourceTree = "<group>"; };
		0282BB420E09BA680006BA62 /* AMServer.m */ = {isa = PBXFileReference; fileEncoding = 4; lastKnownFileType = sourcecode.c.objc; path = AMServer.m; sourceTree = "<group>"; };
		0291EDF90E2F6A4B00A54752 /* AMService.m */ = {isa = PBXFileReference; fileEncoding = 4; lastKnownFileType = sourcecode.c.objc; path = AMService.m; sourceTree = "<group>"; };
		0291EDFA0E2F6A4B00A54752 /* AMService.h */ = {isa = PBXFileReference; fileEncoding = 4; lastKnownFileType = sourcecode.c.h; path = AMService.h; sourceTree = "<group>"; };
		029817FF0E0B129E00D0DBE7 /* SplitterHandle.tiff */ = {isa = PBXFileReference; lastKnownFileType = image.tiff; path = SplitterHandle.tiff; sourceTree = "<group>"; };
		029A9AC20E24B6C20060C11F /* register.icns */ = {isa = PBXFileReference; lastKnownFileType = image.icns; path = register.icns; sourceTree = "<group>"; };
		029BE6950E27FF990099093A /* AMWindow.h */ = {isa = PBXFileReference; fileEncoding = 4; lastKnownFileType = sourcecode.c.h; path = AMWindow.h; sourceTree = "<group>"; };
		029BE6960E27FF990099093A /* AMWindow.m */ = {isa = PBXFileReference; fileEncoding = 4; lastKnownFileType = sourcecode.c.objc; path = AMWindow.m; sourceTree = "<group>"; };
		029BE6D20E2803610099093A /* AMBaseViewController.m */ = {isa = PBXFileReference; fileEncoding = 4; lastKnownFileType = sourcecode.c.objc; path = AMBaseViewController.m; sourceTree = "<group>"; };
		029BE6D30E2803610099093A /* AMBaseViewController.h */ = {isa = PBXFileReference; fileEncoding = 4; lastKnownFileType = sourcecode.c.h; path = AMBaseViewController.h; sourceTree = "<group>"; };
		029BE79D0E280D6B0099093A /* AMPopUpButton.h */ = {isa = PBXFileReference; fileEncoding = 4; lastKnownFileType = sourcecode.c.h; path = AMPopUpButton.h; sourceTree = "<group>"; };
		029BE79E0E280D6B0099093A /* AMPopUpButton.m */ = {isa = PBXFileReference; fileEncoding = 4; lastKnownFileType = sourcecode.c.objc; path = AMPopUpButton.m; sourceTree = "<group>"; };
		029BE7DB0E28143E0099093A /* serversAccounts.plist */ = {isa = PBXFileReference; fileEncoding = 4; lastKnownFileType = text.plist.xml; path = serversAccounts.plist; sourceTree = "<group>"; };
		029C395B0E5F989D009B7688 /* COPYING.txt */ = {isa = PBXFileReference; fileEncoding = 4; lastKnownFileType = text; path = COPYING.txt; sourceTree = "<group>"; };
		029C395D0E5F98D6009B7688 /* AUTHORS.txt */ = {isa = PBXFileReference; fileEncoding = 4; lastKnownFileType = text; path = AUTHORS.txt; sourceTree = "<group>"; };
		029C395E0E5F98D6009B7688 /* CHANGELOG.txt */ = {isa = PBXFileReference; fileEncoding = 4; lastKnownFileType = text; path = CHANGELOG.txt; sourceTree = "<group>"; };
		029C399A0E5F9B92009B7688 /* SSHTunnelWorkaround */ = {isa = PBXFileReference; lastKnownFileType = folder; path = SSHTunnelWorkaround; sourceTree = "<group>"; };
		02B10F660E5DE0E200715AE4 /* AMTreeController.h */ = {isa = PBXFileReference; fileEncoding = 4; lastKnownFileType = sourcecode.c.h; path = AMTreeController.h; sourceTree = "<group>"; };
		02B10F670E5DE0E200715AE4 /* AMTreeController.m */ = {isa = PBXFileReference; fileEncoding = 4; lastKnownFileType = sourcecode.c.objc; path = AMTreeController.m; sourceTree = "<group>"; };
		02B110AC0E5E1A9A00715AE4 /* taskbarIcon.tiff */ = {isa = PBXFileReference; lastKnownFileType = image.tiff; path = taskbarIcon.tiff; sourceTree = "<group>"; };
		02B118E30E30C925003886A7 /* AMServiceViewController.h */ = {isa = PBXFileReference; fileEncoding = 4; lastKnownFileType = sourcecode.c.h; path = AMServiceViewController.h; sourceTree = "<group>"; };
		02B118E40E30C925003886A7 /* AMServiceViewController.m */ = {isa = PBXFileReference; fileEncoding = 4; lastKnownFileType = sourcecode.c.objc; path = AMServiceViewController.m; sourceTree = "<group>"; };
		02B11C670E3101F3003886A7 /* Terminal.icns */ = {isa = PBXFileReference; lastKnownFileType = image.icns; path = Terminal.icns; sourceTree = "<group>"; };
		02B11C960E3103B7003886A7 /* radar.icns */ = {isa = PBXFileReference; lastKnownFileType = image.icns; path = radar.icns; sourceTree = "<group>"; };
		02B11CB00E311062003886A7 /* inTunnel.tif */ = {isa = PBXFileReference; lastKnownFileType = image.tiff; path = inTunnel.tif; sourceTree = "<group>"; };
		02B11CB10E311062003886A7 /* outTunnel.tif */ = {isa = PBXFileReference; lastKnownFileType = image.tiff; path = outTunnel.tif; sourceTree = "<group>"; };
		02B214BE0E6073F8007014CB /* services.sst */ = {isa = PBXFileReference; lastKnownFileType = file.bplist; path = services.sst; sourceTree = "<group>"; };
		02B27FBE0E265ECE00245740 /* auth_server_icon.png */ = {isa = PBXFileReference; lastKnownFileType = image.png; path = auth_server_icon.png; sourceTree = "<group>"; };
		02BAA5FB0DF591D70084F84B /* QuartzCore.framework */ = {isa = PBXFileReference; lastKnownFileType = wrapper.framework; name = QuartzCore.framework; path = /System/Library/Frameworks/QuartzCore.framework; sourceTree = "<absolute>"; };
		02BC8ED20E0AB7F60005759C /* Blank.icns */ = {isa = PBXFileReference; lastKnownFileType = image.icns; path = Blank.icns; sourceTree = "<group>"; };
		02BC8ED80E0AB9330005759C /* destroy.icns */ = {isa = PBXFileReference; lastKnownFileType = image.icns; path = destroy.icns; sourceTree = "<group>"; };
		02BC8EDC0E0AB9A30005759C /* stopAll.icns */ = {isa = PBXFileReference; lastKnownFileType = image.icns; path = stopAll.icns; sourceTree = "<group>"; };
		02BF2AA20E60BDB70052730C /* tube.tif */ = {isa = PBXFileReference; lastKnownFileType = image.tiff; path = tube.tif; sourceTree = "<group>"; };
		02C620010E5A19D8005B6DC7 /* AMButtonMenu.h */ = {isa = PBXFileReference; fileEncoding = 4; lastKnownFileType = sourcecode.c.h; path = AMButtonMenu.h; sourceTree = "<group>"; };
		02C620020E5A19D8005B6DC7 /* AMButtonMenu.m */ = {isa = PBXFileReference; fileEncoding = 4; lastKnownFileType = sourcecode.c.objc; path = AMButtonMenu.m; sourceTree = "<group>"; };
		02CC7A420E5CD236007AE08D /* Security.framework */ = {isa = PBXFileReference; lastKnownFileType = wrapper.framework; name = Security.framework; path = System/Library/Frameworks/Security.framework; sourceTree = SDKROOT; };
		02F375710E5F0D5B00F23038 /* SSHShell.command */ = {isa = PBXFileReference; fileEncoding = 4; lastKnownFileType = text; path = SSHShell.command; sourceTree = "<group>"; };
		02F488250E5AE97F00FB6844 /* tmbutton.png */ = {isa = PBXFileReference; lastKnownFileType = image.png; path = tmbutton.png; sourceTree = "<group>"; };
		02F488C10E5AF79A00FB6844 /* prefs.icns */ = {isa = PBXFileReference; lastKnownFileType = image.icns; path = prefs.icns; sourceTree = "<group>"; };
		089C165DFE840E0CC02AAC07 /* English */ = {isa = PBXFileReference; fileEncoding = 10; lastKnownFileType = text.plist.strings; name = English; path = English.lproj/InfoPlist.strings; sourceTree = "<group>"; };
		1058C7A1FEA54F0111CA2CBB /* Cocoa.framework */ = {isa = PBXFileReference; lastKnownFileType = wrapper.framework; name = Cocoa.framework; path = /System/Library/Frameworks/Cocoa.framework; sourceTree = "<absolute>"; };
		13E42FB307B3F0F600E4EEF1 /* CoreData.framework */ = {isa = PBXFileReference; lastKnownFileType = wrapper.framework; name = CoreData.framework; path = /System/Library/Frameworks/CoreData.framework; sourceTree = "<absolute>"; };
		29B97316FDCFA39411CA2CEA /* main.m */ = {isa = PBXFileReference; fileEncoding = 4; lastKnownFileType = sourcecode.c.objc; path = main.m; sourceTree = "<group>"; };
		29B97324FDCFA39411CA2CEA /* AppKit.framework */ = {isa = PBXFileReference; lastKnownFileType = wrapper.framework; name = AppKit.framework; path = /System/Library/Frameworks/AppKit.framework; sourceTree = "<absolute>"; };
		29B97325FDCFA39411CA2CEA /* Foundation.framework */ = {isa = PBXFileReference; lastKnownFileType = wrapper.framework; name = Foundation.framework; path = /System/Library/Frameworks/Foundation.framework; sourceTree = "<absolute>"; };
		32CA4F630368D1EE00C91783 /* SSHTunnel_Prefix.pch */ = {isa = PBXFileReference; fileEncoding = 4; lastKnownFileType = sourcecode.c.h; path = SSHTunnel_Prefix.pch; sourceTree = "<group>"; };
		8D1107310486CEB800E47090 /* Info.plist */ = {isa = PBXFileReference; fileEncoding = 4; lastKnownFileType = text.plist.xml; path = Info.plist; sourceTree = "<group>"; };
		8D1107320486CEB800E47090 /* SSHTunnel.app */ = {isa = PBXFileReference; explicitFileType = wrapper.application; includeInIndex = 0; path = SSHTunnel.app; sourceTree = BUILT_PRODUCTS_DIR; };
		DDB56A0D1C188A60002301B5 /* statusGreen.png */ = {isa = PBXFileReference; lastKnownFileType = image.png; name = statusGreen.png; path = Resources/exported/statusGreen.png; sourceTree = "<group>"; };
		DDB56A0E1C188A60002301B5 /* statusGreen@2x.png */ = {isa = PBXFileReference; lastKnownFileType = image.png; name = "statusGreen@2x.png"; path = "Resources/exported/statusGreen@2x.png"; sourceTree = "<group>"; };
		DDB56A0F1C188A60002301B5 /* statusGreen@3x.png */ = {isa = PBXFileReference; lastKnownFileType = image.png; name = "statusGreen@3x.png"; path = "Resources/exported/statusGreen@3x.png"; sourceTree = "<group>"; };
		DDB56A101C188A60002301B5 /* statusOrange.png */ = {isa = PBXFileReference; lastKnownFileType = image.png; name = statusOrange.png; path = Resources/exported/statusOrange.png; sourceTree = "<group>"; };
		DDB56A111C188A60002301B5 /* statusOrange@2x.png */ = {isa = PBXFileReference; lastKnownFileType = image.png; name = "statusOrange@2x.png"; path = "Resources/exported/statusOrange@2x.png"; sourceTree = "<group>"; };
		DDB56A121C188A60002301B5 /* statusOrange@3x.png */ = {isa = PBXFileReference; lastKnownFileType = image.png; name = "statusOrange@3x.png"; path = "Resources/exported/statusOrange@3x.png"; sourceTree = "<group>"; };
		DDB56A131C188A60002301B5 /* statusRed.png */ = {isa = PBXFileReference; lastKnownFileType = image.png; name = statusRed.png; path = Resources/exported/statusRed.png; sourceTree = "<group>"; };
		DDB56A141C188A60002301B5 /* statusRed@2x.png */ = {isa = PBXFileReference; lastKnownFileType = image.png; name = "statusRed@2x.png"; path = "Resources/exported/statusRed@2x.png"; sourceTree = "<group>"; };
		DDB56A151C188A60002301B5 /* statusRed@3x.png */ = {isa = PBXFileReference; lastKnownFileType = image.png; name = "statusRed@3x.png"; path = "Resources/exported/statusRed@3x.png"; sourceTree = "<group>"; };
		DDB56A201C188A86002301B5 /* AMResourcesHelper.h */ = {isa = PBXFileReference; fileEncoding = 4; lastKnownFileType = sourcecode.c.h; path = AMResourcesHelper.h; sourceTree = "<group>"; };
		DDB56A211C188A86002301B5 /* AMResourcesHelper.m */ = {isa = PBXFileReference; fileEncoding = 4; lastKnownFileType = sourcecode.c.objc; path = AMResourcesHelper.m; sourceTree = "<group>"; };
/* End PBXFileReference section */

/* Begin PBXFrameworksBuildPhase section */
		8D11072E0486CEB800E47090 /* Frameworks */ = {
			isa = PBXFrameworksBuildPhase;
			buildActionMask = 2147483647;
			files = (
				8D11072F0486CEB800E47090 /* Cocoa.framework in Frameworks */,
				02BAA5FC0DF591D70084F84B /* QuartzCore.framework in Frameworks */,
				02CC7A430E5CD236007AE08D /* Security.framework in Frameworks */,
				0232C0CC0EED63E500D85580 /* SecurityFoundation.framework in Frameworks */,
			);
			runOnlyForDeploymentPostprocessing = 0;
		};
/* End PBXFrameworksBuildPhase section */

/* Begin PBXGroup section */
		02116C240E5A25F9000D52B3 /* AMButtonMenu */ = {
			isa = PBXGroup;
			children = (
				02C620010E5A19D8005B6DC7 /* AMButtonMenu.h */,
				02C620020E5A19D8005B6DC7 /* AMButtonMenu.m */,
			);
			name = AMButtonMenu;
			sourceTree = "<group>";
		};
		02116C250E5A2616000D52B3 /* AMSwitchButton */ = {
			isa = PBXGroup;
			children = (
				02116C260E5A262B000D52B3 /* AMSwitchButton.h */,
				02116C270E5A262B000D52B3 /* AMSwitchButton.m */,
			);
			name = AMSwitchButton;
			sourceTree = "<group>";
		};
		022ACF590E284A9E0012D885 /* AMPopUpButton */ = {
			isa = PBXGroup;
			children = (
				029BE79D0E280D6B0099093A /* AMPopUpButton.h */,
				029BE79E0E280D6B0099093A /* AMPopUpButton.m */,
			);
			name = AMPopUpButton;
			sourceTree = "<group>";
		};
		023643BF0E2560F3007271F1 /* Controllers */ = {
			isa = PBXGroup;
			children = (
				02C5CB5F0DF8A472000BCE90 /* MyAppController */,
				02B11BB10E30ED4B003886A7 /* Base */,
				02B118CE0E30C7CC003886A7 /* ServiceController */,
				023645030E256F3F007271F1 /* SessionView */,
				023643C00E256109007271F1 /* ServerView */,
				02376AE20E23C0820058B22A /* AccountView */,
			);
			name = Controllers;
			sourceTree = "<group>";
		};
		023643C00E256109007271F1 /* ServerView */ = {
			isa = PBXGroup;
			children = (
				0236404D0E24FAAA007271F1 /* AMServerViewController.h */,
				0236404E0E24FAAA007271F1 /* AMServerViewController.m */,
			);
			name = ServerView;
			sourceTree = "<group>";
		};
		023645030E256F3F007271F1 /* SessionView */ = {
			isa = PBXGroup;
			children = (
				023645060E256FC1007271F1 /* AMSessionViewController.h */,
				023645070E256FC1007271F1 /* AMSessionViewController.m */,
				02B10F660E5DE0E200715AE4 /* AMTreeController.h */,
				02B10F670E5DE0E200715AE4 /* AMTreeController.m */,
			);
			name = SessionView;
			sourceTree = "<group>";
		};
		02376AE20E23C0820058B22A /* AccountView */ = {
			isa = PBXGroup;
			children = (
				02376AE00E23C0790058B22A /* AMAccountViewController.h */,
				02376ADF0E23C0790058B22A /* AMAccountViewController.m */,
			);
			name = AccountView;
			sourceTree = "<group>";
		};
		02534A900E60530B006310FA /* AMNetworkServicesChooser */ = {
			isa = PBXGroup;
			children = (
				02534A8D0E605306006310FA /* AMNetworkServicesChooser.h */,
				02534A8E0E605306006310FA /* AMNetworkServicesChooser.m */,
			);
			name = AMNetworkServicesChooser;
			sourceTree = "<group>";
		};
		029BE6980E27FFBB0099093A /* AMWindow */ = {
			isa = PBXGroup;
			children = (
				029BE6960E27FF990099093A /* AMWindow.m */,
				029BE6950E27FF990099093A /* AMWindow.h */,
			);
			name = AMWindow;
			sourceTree = "<group>";
		};
		02A7CCED0E0B1C6000E98DE4 /* AMServer */ = {
			isa = PBXGroup;
			children = (
				0282BB410E09BA680006BA62 /* AMServer.h */,
				0282BB420E09BA680006BA62 /* AMServer.m */,
			);
			name = AMServer;
			sourceTree = "<group>";
		};
		02B118CE0E30C7CC003886A7 /* ServiceController */ = {
			isa = PBXGroup;
			children = (
				02B118E30E30C925003886A7 /* AMServiceViewController.h */,
				02B118E40E30C925003886A7 /* AMServiceViewController.m */,
			);
			name = ServiceController;
			sourceTree = "<group>";
		};
		02B118D90E30C8F4003886A7 /* AMService */ = {
			isa = PBXGroup;
			children = (
				0291EDFA0E2F6A4B00A54752 /* AMService.h */,
				0291EDF90E2F6A4B00A54752 /* AMService.m */,
			);
			name = AMService;
			sourceTree = "<group>";
		};
		02B11BB10E30ED4B003886A7 /* Base */ = {
			isa = PBXGroup;
			children = (
				029BE6D30E2803610099093A /* AMBaseViewController.h */,
				029BE6D20E2803610099093A /* AMBaseViewController.m */,
			);
			name = Base;
			sourceTree = "<group>";
		};
		02B11BB20E30ED6E003886A7 /* Model */ = {
			isa = PBXGroup;
			children = (
				02C5CB600DF8A481000BCE90 /* AMSession */,
				02A7CCED0E0B1C6000E98DE4 /* AMServer */,
				02B118D90E30C8F4003886A7 /* AMService */,
			);
			name = Model;
			sourceTree = "<group>";
		};
		02B11BB30E30ED88003886A7 /* View */ = {
			isa = PBXGroup;
			children = (
				02534A900E60530B006310FA /* AMNetworkServicesChooser */,
				02116C250E5A2616000D52B3 /* AMSwitchButton */,
				02116C240E5A25F9000D52B3 /* AMButtonMenu */,
				022ACF590E284A9E0012D885 /* AMPopUpButton */,
				029BE6980E27FFBB0099093A /* AMWindow */,
			);
			name = View;
			sourceTree = "<group>";
		};
		02C5CB5F0DF8A472000BCE90 /* MyAppController */ = {
			isa = PBXGroup;
			children = (
				0274BAAA0DF424F800C09AEE /* MyAppController.h */,
				0274BAAB0DF424F800C09AEE /* MyAppController.m */,
			);
			name = MyAppController;
			sourceTree = "<group>";
		};
		02C5CB600DF8A481000BCE90 /* AMSession */ = {
			isa = PBXGroup;
			children = (
				0274BB2F0DF43A9F00C09AEE /* AMSession.h */,
				0274BB300DF43A9F00C09AEE /* AMSession.m */,
			);
			name = AMSession;
			sourceTree = "<group>";
		};
		080E96DDFE201D6D7F000001 /* Classes */ = {
			isa = PBXGroup;
			children = (
				DDB56A1F1C188A6D002301B5 /* Helper */,
				02B11BB30E30ED88003886A7 /* View */,
				02B11BB20E30ED6E003886A7 /* Model */,
				023643BF0E2560F3007271F1 /* Controllers */,
			);
			name = Classes;
			sourceTree = "<group>";
		};
		1058C7A0FEA54F0111CA2CBB /* Linked Frameworks */ = {
			isa = PBXGroup;
			children = (
				1058C7A1FEA54F0111CA2CBB /* Cocoa.framework */,
			);
			name = "Linked Frameworks";
			sourceTree = "<group>";
		};
		1058C7A2FEA54F0111CA2CBB /* Other Frameworks */ = {
			isa = PBXGroup;
			children = (
				29B97324FDCFA39411CA2CEA /* AppKit.framework */,
				13E42FB307B3F0F600E4EEF1 /* CoreData.framework */,
				29B97325FDCFA39411CA2CEA /* Foundation.framework */,
			);
			name = "Other Frameworks";
			sourceTree = "<group>";
		};
		19C28FACFE9D520D11CA2CBB /* Products */ = {
			isa = PBXGroup;
			children = (
				8D1107320486CEB800E47090 /* SSHTunnel.app */,
			);
			name = Products;
			sourceTree = "<group>";
		};
		29B97314FDCFA39411CA2CEA /* SSHTunnel */ = {
			isa = PBXGroup;
			children = (
				029C395D0E5F98D6009B7688 /* AUTHORS.txt */,
				029C395E0E5F98D6009B7688 /* CHANGELOG.txt */,
				029C395B0E5F989D009B7688 /* COPYING.txt */,
				029C399A0E5F9B92009B7688 /* SSHTunnelWorkaround */,
				080E96DDFE201D6D7F000001 /* Classes */,
				29B97315FDCFA39411CA2CEA /* Other Sources */,
				29B97317FDCFA39411CA2CEA /* Resources */,
				29B97323FDCFA39411CA2CEA /* Frameworks */,
				19C28FACFE9D520D11CA2CBB /* Products */,
			);
			name = SSHTunnel;
			sourceTree = "<group>";
		};
		29B97315FDCFA39411CA2CEA /* Other Sources */ = {
			isa = PBXGroup;
			children = (
				32CA4F630368D1EE00C91783 /* SSHTunnel_Prefix.pch */,
				29B97316FDCFA39411CA2CEA /* main.m */,
				024B09910E5EF0FB00F9ECCF /* messages.h */,
				024B09920E5EF0FB00F9ECCF /* messages.m */,
			);
			name = "Other Sources";
			sourceTree = "<group>";
		};
		29B97317FDCFA39411CA2CEA /* Resources */ = {
			isa = PBXGroup;
			children = (
				DDB56A0D1C188A60002301B5 /* statusGreen.png */,
				DDB56A0E1C188A60002301B5 /* statusGreen@2x.png */,
				DDB56A0F1C188A60002301B5 /* statusGreen@3x.png */,
				DDB56A101C188A60002301B5 /* statusOrange.png */,
				DDB56A111C188A60002301B5 /* statusOrange@2x.png */,
				DDB56A121C188A60002301B5 /* statusOrange@3x.png */,
				DDB56A131C188A60002301B5 /* statusRed.png */,
				DDB56A141C188A60002301B5 /* statusRed@2x.png */,
				DDB56A151C188A60002301B5 /* statusRed@3x.png */,
				02BF2AA20E60BDB70052730C /* tube.tif */,
				024491730E608A8F00D92725 /* sessions.sst */,
				02B214BE0E6073F8007014CB /* services.sst */,
				02B110AC0E5E1A9A00715AE4 /* taskbarIcon.tiff */,
				02F488C10E5AF79A00FB6844 /* prefs.icns */,
				02F488250E5AE97F00FB6844 /* tmbutton.png */,
				02B11C670E3101F3003886A7 /* Terminal.icns */,
				02B11CB00E311062003886A7 /* inTunnel.tif */,
				02B11CB10E311062003886A7 /* outTunnel.tif */,
				022082A70E268E69004F2B5A /* Localizable.strings */,
				022082820E268CE6004F2B5A /* MainMenu.xib */,
				089C165CFE840E0CC02AAC07 /* InfoPlist.strings */,
				02B27FBE0E265ECE00245740 /* auth_server_icon.png */,
				029A9AC20E24B6C20060C11F /* register.icns */,
				02376B4E0E23C4AD0058B22A /* createAbornetAccount.sh */,
				029817FF0E0B129E00D0DBE7 /* SplitterHandle.tiff */,
				02BC8EDC0E0AB9A30005759C /* stopAll.icns */,
				027C6FED0E37EFC300979554 /* app.icns */,
				02BC8ED80E0AB9330005759C /* destroy.icns */,
				02BC8ED20E0AB7F60005759C /* Blank.icns */,
				023B9C4A0DF9AEF700C07FD9 /* RemoveKeyCommand.sh */,
				02B11C960E3103B7003886A7 /* radar.icns */,
				025F9BC30DF98A4700813277 /* keyed.tiff */,
				026982000DF965BE00D9C22C /* GenerateKeyCommand.sh */,
				02697FFA0DF93D9800D9C22C /* Keychain.icns */,
				02697F1D0DF9210B00D9C22C /* PutKeyCommand.sh */,
				0219E3FD0DF7591D00E64A18 /* delButton.png */,
				0219E3FE0DF7591D00E64A18 /* addButton.png */,
				02F375710E5F0D5B00F23038 /* SSHShell.command */,
				02452E9B0DF6D1CD00119375 /* SSHCommand.sh */,
				0221D4B10DF54930002AB57B /* app.icns.disabled */,
				8D1107310486CEB800E47090 /* Info.plist */,
				029BE7DB0E28143E0099093A /* serversAccounts.plist */,
			);
			name = Resources;
			sourceTree = "<group>";
		};
		29B97323FDCFA39411CA2CEA /* Frameworks */ = {
			isa = PBXGroup;
			children = (
				0232C0CB0EED63E500D85580 /* SecurityFoundation.framework */,
				02CC7A420E5CD236007AE08D /* Security.framework */,
				02BAA5FB0DF591D70084F84B /* QuartzCore.framework */,
				1058C7A0FEA54F0111CA2CBB /* Linked Frameworks */,
				1058C7A2FEA54F0111CA2CBB /* Other Frameworks */,
			);
			name = Frameworks;
			sourceTree = "<group>";
		};
		DDB56A1F1C188A6D002301B5 /* Helper */ = {
			isa = PBXGroup;
			children = (
				DDB56A201C188A86002301B5 /* AMResourcesHelper.h */,
				DDB56A211C188A86002301B5 /* AMResourcesHelper.m */,
			);
			name = Helper;
			sourceTree = "<group>";
		};
/* End PBXGroup section */

/* Begin PBXNativeTarget section */
		8D1107260486CEB800E47090 /* SSHTunnel */ = {
			isa = PBXNativeTarget;
			buildConfigurationList = C01FCF4A08A954540054247B /* Build configuration list for PBXNativeTarget "SSHTunnel" */;
			buildPhases = (
				8D1107290486CEB800E47090 /* Resources */,
				8D11072C0486CEB800E47090 /* Sources */,
				8D11072E0486CEB800E47090 /* Frameworks */,
				02886A400E5F7B4800E218C5 /* ShellScript */,
			);
			buildRules = (
			);
			dependencies = (
			);
			name = SSHTunnel;
			productInstallPath = "$(HOME)/Applications";
			productName = SSHTunnel;
			productReference = 8D1107320486CEB800E47090 /* SSHTunnel.app */;
			productType = "com.apple.product-type.application";
		};
/* End PBXNativeTarget section */

/* Begin PBXProject section */
		29B97313FDCFA39411CA2CEA /* Project object */ = {
			isa = PBXProject;
			attributes = {
				BuildIndependentTargetsInParallel = YES;
				LastUpgradeCheck = 0720;
			};
			buildConfigurationList = C01FCF4E08A954540054247B /* Build configuration list for PBXProject "SSHTunnel" */;
			compatibilityVersion = "Xcode 3.2";
			developmentRegion = English;
			hasScannedForEncodings = 1;
			knownRegions = (
				en,
			);
			mainGroup = 29B97314FDCFA39411CA2CEA /* SSHTunnel */;
			projectDirPath = "";
			projectRoot = "";
			targets = (
				8D1107260486CEB800E47090 /* SSHTunnel */,
			);
		};
/* End PBXProject section */

/* Begin PBXResourcesBuildPhase section */
		8D1107290486CEB800E47090 /* Resources */ = {
			isa = PBXResourcesBuildPhase;
			buildActionMask = 2147483647;
			files = (
				8D11072B0486CEB800E47090 /* InfoPlist.strings in Resources */,
				DDB56A181C188A60002301B5 /* statusGreen@3x.png in Resources */,
				0221D4B20DF54930002AB57B /* app.icns.disabled in Resources */,
				02452E9C0DF6D1CD00119375 /* SSHCommand.sh in Resources */,
				0219E3FF0DF7591D00E64A18 /* delButton.png in Resources */,
				0219E4000DF7591D00E64A18 /* addButton.png in Resources */,
				02697F1E0DF9210B00D9C22C /* PutKeyCommand.sh in Resources */,
				02697FFB0DF93D9800D9C22C /* Keychain.icns in Resources */,
				DDB56A1D1C188A60002301B5 /* statusRed@2x.png in Resources */,
				026982010DF965BE00D9C22C /* GenerateKeyCommand.sh in Resources */,
				025F9BC40DF98A4700813277 /* keyed.tiff in Resources */,
				DDB56A161C188A60002301B5 /* statusGreen.png in Resources */,
				023B9C4B0DF9AEF700C07FD9 /* RemoveKeyCommand.sh in Resources */,
				02BC8ED30E0AB7F60005759C /* Blank.icns in Resources */,
				02BC8ED90E0AB9330005759C /* destroy.icns in Resources */,
				02BC8EDD0E0AB9A30005759C /* stopAll.icns in Resources */,
				029818000E0B129E00D0DBE7 /* SplitterHandle.tiff in Resources */,
				02376B4F0E23C4AD0058B22A /* createAbornetAccount.sh in Resources */,
				029A9AC30E24B6C20060C11F /* register.icns in Resources */,
				02B27FBF0E265ECE00245740 /* auth_server_icon.png in Resources */,
				02AF86EA0E5C9AA200DD6F70 /* MainMenu.xib in Resources */,
				022082A90E268E69004F2B5A /* Localizable.strings in Resources */,
				DDB56A171C188A60002301B5 /* statusGreen@2x.png in Resources */,
				DDB56A1A1C188A60002301B5 /* statusOrange@2x.png in Resources */,
				029BE7DC0E28143E0099093A /* serversAccounts.plist in Resources */,
				02B11C680E3101F3003886A7 /* Terminal.icns in Resources */,
				02B11C970E3103B7003886A7 /* radar.icns in Resources */,
				02B11CB20E311062003886A7 /* inTunnel.tif in Resources */,
				02B11CB30E311062003886A7 /* outTunnel.tif in Resources */,
				DDB56A191C188A60002301B5 /* statusOrange.png in Resources */,
				DDB56A1E1C188A60002301B5 /* statusRed@3x.png in Resources */,
				027C6FEE0E37EFC300979554 /* app.icns in Resources */,
				02F488260E5AE97F00FB6844 /* tmbutton.png in Resources */,
				DDB56A1C1C188A60002301B5 /* statusRed.png in Resources */,
				02F488C20E5AF79A00FB6844 /* prefs.icns in Resources */,
				02B110AD0E5E1A9A00715AE4 /* taskbarIcon.tiff in Resources */,
				02F375720E5F0D5B00F23038 /* SSHShell.command in Resources */,
				029C395C0E5F989D009B7688 /* COPYING.txt in Resources */,
				DDB56A1B1C188A60002301B5 /* statusOrange@3x.png in Resources */,
				029C395F0E5F98D6009B7688 /* AUTHORS.txt in Resources */,
				029C39600E5F98D6009B7688 /* CHANGELOG.txt in Resources */,
				029C39A60E5F9B92009B7688 /* SSHTunnelWorkaround in Resources */,
				02B214C10E6073F8007014CB /* services.sst in Resources */,
				024491740E608A8F00D92725 /* sessions.sst in Resources */,
				02BF2AA30E60BDB70052730C /* tube.tif in Resources */,
			);
			runOnlyForDeploymentPostprocessing = 0;
		};
/* End PBXResourcesBuildPhase section */

/* Begin PBXShellScriptBuildPhase section */
		02886A400E5F7B4800E218C5 /* ShellScript */ = {
			isa = PBXShellScriptBuildPhase;
			buildActionMask = 2147483647;
			files = (
			);
			inputPaths = (
			);
			outputPaths = (
			);
			runOnlyForDeploymentPostprocessing = 0;
			shellPath = /bin/sh;
			shellScript = "if [ \"$CONFIGURATION\" == \"Packaged\" -o \"$CONFIGURATION\" == \"Featured\" ]\nthen\n\tNAME=$PRODUCT_NAME\n\tPLISTPATH=`echo $CONFIGURATION_BUILD_DIR/$INFOPLIST_PATH | sed s/.plist//`\n\tVERSION=`defaults read $PLISTPATH CFBundleVersion`\n\tVOLNAME=${NAME}_V${VERSION}\n\n\trm ${CONFIGURATION_BUILD_DIR}/../Bundle/${VOLNAME}.dmg\n\n\tcp -r ${CONFIGURATION_BUILD_DIR}/${EXECUTABLE_NAME}.app ${CONFIGURATION_BUILD_DIR}/Package/\n\t\n\tcp -r `pwd`/{AUTHORS.txt,COPYING.txt,CHANGELOG.txt} ${CONFIGURATION_BUILD_DIR}/Package/\n\n\thdiutil create -fs HFS+ -srcfolder $CONFIGURATION_BUILD_DIR/Package -volname \"$VOLNAME\" \"$VOLNAME\"\n\n\t#if [ \"$CONFIGURATION\" == \"Featured\" ]\n\t#then\n\t#\tDATE=`date \"+%Y.%m.%d-%Hh%M\"`\n\t#\tmv ${VOLNAME}.dmg build/Bundle/\n\t#\tmv build/Bundle/${VOLNAME}.dmg build/Bundle/${VOLNAME}.${DATE}.dmg\n\t#\texpect -f SSHTunnelWorkaround/MakeFeaturedReleases/upload.sh \"build/Bundle/${VOLNAME}-${DATE}.dmg\"\n\t#\texit\n\t#fi\n\n\tmv `pwd`/${VOLNAME}.dmg ${CONFIGURATION_BUILD_DIR}/../Bundle/\nfi\n\n\n";
		};
/* End PBXShellScriptBuildPhase section */

/* Begin PBXSourcesBuildPhase section */
		8D11072C0486CEB800E47090 /* Sources */ = {
			isa = PBXSourcesBuildPhase;
			buildActionMask = 2147483647;
			files = (
				8D11072D0486CEB800E47090 /* main.m in Sources */,
				0274BAAC0DF424F800C09AEE /* MyAppController.m in Sources */,
				0274BB310DF43A9F00C09AEE /* AMSession.m in Sources */,
				DDB56A221C188A86002301B5 /* AMResourcesHelper.m in Sources */,
				0282BB430E09BA680006BA62 /* AMServer.m in Sources */,
				02376AE10E23C0790058B22A /* AMAccountViewController.m in Sources */,
				0236404F0E24FAAA007271F1 /* AMServerViewController.m in Sources */,
				023645080E256FC1007271F1 /* AMSessionViewController.m in Sources */,
				029BE6970E27FF990099093A /* AMWindow.m in Sources */,
				029BE6D40E2803610099093A /* AMBaseViewController.m in Sources */,
				029BE79F0E280D6B0099093A /* AMPopUpButton.m in Sources */,
				0291EDFB0E2F6A4B00A54752 /* AMService.m in Sources */,
				02B118E50E30C925003886A7 /* AMServiceViewController.m in Sources */,
				02C620030E5A19D8005B6DC7 /* AMButtonMenu.m in Sources */,
				02116C280E5A262B000D52B3 /* AMSwitchButton.m in Sources */,
				02B10F680E5DE0E200715AE4 /* AMTreeController.m in Sources */,
				024B09930E5EF0FB00F9ECCF /* messages.m in Sources */,
				02534A8F0E605306006310FA /* AMNetworkServicesChooser.m in Sources */,
			);
			runOnlyForDeploymentPostprocessing = 0;
		};
/* End PBXSourcesBuildPhase section */

/* Begin PBXVariantGroup section */
		022082A70E268E69004F2B5A /* Localizable.strings */ = {
			isa = PBXVariantGroup;
			children = (
				022082A80E268E69004F2B5A /* English */,
			);
			name = Localizable.strings;
			sourceTree = "<group>";
		};
		089C165CFE840E0CC02AAC07 /* InfoPlist.strings */ = {
			isa = PBXVariantGroup;
			children = (
				089C165DFE840E0CC02AAC07 /* English */,
			);
			name = InfoPlist.strings;
			sourceTree = "<group>";
		};
/* End PBXVariantGroup section */

/* Begin XCBuildConfiguration section */
		0201B1200E5F3B9900148A1C /* Packaged */ = {
			isa = XCBuildConfiguration;
			buildSettings = {
				GCC_C_LANGUAGE_STANDARD = c99;
				GCC_ENABLE_OBJC_GC = required;
				GCC_WARN_ABOUT_RETURN_TYPE = YES;
				GCC_WARN_UNUSED_VARIABLE = YES;
				SDKROOT = macosx;
			};
			name = Packaged;
		};
		0201B1210E5F3B9900148A1C /* Packaged */ = {
			isa = XCBuildConfiguration;
			buildSettings = {
				ALWAYS_SEARCH_USER_PATHS = NO;
				CLANG_ENABLE_OBJC_ARC = YES;
				COMBINE_HIDPI_IMAGES = NO;
				DEBUG_INFORMATION_FORMAT = "dwarf-with-dsym";
				FRAMEWORK_SEARCH_PATHS = (
					"$(inherited)",
					"\"$(SDKROOT)$(SYSTEM_LIBRARY_DIR)/PrivateFrameworks\"",
				);
				GCC_ENABLE_OBJC_GC = unsupported;
				GCC_MODEL_TUNING = G5;
				GCC_PRECOMPILE_PREFIX_HEADER = YES;
				GCC_PREFIX_HEADER = SSHTunnel_Prefix.pch;
				INFOPLIST_FILE = Info.plist;
				INSTALL_PATH = "$(HOME)/Applications";
				MACOSX_DEPLOYMENT_TARGET = 10.9;
				PRODUCT_BUNDLE_IDENTIFIER = "fr.antoinemercadal.${PRODUCT_NAME:identifier}";
				PRODUCT_NAME = SSHTunnel;
				SDKROOT = macosx;
			};
			name = Packaged;
		};
		029C39C10E5FA773009B7688 /* Featured */ = {
			isa = XCBuildConfiguration;
			buildSettings = {
				GCC_C_LANGUAGE_STANDARD = c99;
				GCC_ENABLE_OBJC_GC = required;
				GCC_WARN_ABOUT_RETURN_TYPE = YES;
				GCC_WARN_UNUSED_VARIABLE = YES;
				SDKROOT = macosx;
			};
			name = Featured;
		};
		029C39C20E5FA773009B7688 /* Featured */ = {
			isa = XCBuildConfiguration;
			buildSettings = {
				ALWAYS_SEARCH_USER_PATHS = NO;
				CLANG_ENABLE_OBJC_ARC = YES;
				COMBINE_HIDPI_IMAGES = NO;
				DEBUG_INFORMATION_FORMAT = "dwarf-with-dsym";
				FRAMEWORK_SEARCH_PATHS = (
					"$(inherited)",
					"\"$(SDKROOT)$(SYSTEM_LIBRARY_DIR)/PrivateFrameworks\"",
				);
				GCC_ENABLE_OBJC_GC = unsupported;
				GCC_MODEL_TUNING = G5;
				GCC_PRECOMPILE_PREFIX_HEADER = YES;
				GCC_PREFIX_HEADER = SSHTunnel_Prefix.pch;
				INFOPLIST_FILE = Info.plist;
				INSTALL_PATH = "$(HOME)/Applications";
				MACOSX_DEPLOYMENT_TARGET = 10.9;
				PRODUCT_BUNDLE_IDENTIFIER = "fr.antoinemercadal.${PRODUCT_NAME:identifier}";
				PRODUCT_NAME = SSHTunnel;
				SDKROOT = macosx;
			};
			name = Featured;
		};
		C01FCF4B08A954540054247B /* Debug */ = {
			isa = XCBuildConfiguration;
			buildSettings = {
				ALWAYS_SEARCH_USER_PATHS = NO;
				CLANG_ENABLE_OBJC_ARC = YES;
				COMBINE_HIDPI_IMAGES = NO;
				COPY_PHASE_STRIP = NO;
				FRAMEWORK_SEARCH_PATHS = (
					"$(inherited)",
					"\"$(SDKROOT)$(SYSTEM_LIBRARY_DIR)/PrivateFrameworks\"",
				);
				GCC_DYNAMIC_NO_PIC = NO;
				GCC_ENABLE_OBJC_GC = unsupported;
				GCC_MODEL_TUNING = G5;
				GCC_OPTIMIZATION_LEVEL = 0;
				GCC_PRECOMPILE_PREFIX_HEADER = YES;
				GCC_PREFIX_HEADER = SSHTunnel_Prefix.pch;
				INFOPLIST_FILE = Info.plist;
				INSTALL_PATH = "$(HOME)/Applications";
				MACOSX_DEPLOYMENT_TARGET = 10.9;
				PRODUCT_BUNDLE_IDENTIFIER = "fr.antoinemercadal.${PRODUCT_NAME:identifier}";
				PRODUCT_NAME = SSHTunnel;
				SDKROOT = macosx;
			};
			name = Debug;
		};
		C01FCF4C08A954540054247B /* Release */ = {
			isa = XCBuildConfiguration;
			buildSettings = {
				ALWAYS_SEARCH_USER_PATHS = NO;
				CLANG_ENABLE_OBJC_ARC = YES;
				COMBINE_HIDPI_IMAGES = NO;
				DEBUG_INFORMATION_FORMAT = "dwarf-with-dsym";
				FRAMEWORK_SEARCH_PATHS = (
					"$(inherited)",
					"\"$(SDKROOT)$(SYSTEM_LIBRARY_DIR)/PrivateFrameworks\"",
				);
				GCC_ENABLE_OBJC_GC = unsupported;
				GCC_MODEL_TUNING = G5;
				GCC_PRECOMPILE_PREFIX_HEADER = YES;
				GCC_PREFIX_HEADER = SSHTunnel_Prefix.pch;
				INFOPLIST_FILE = Info.plist;
				INSTALL_PATH = "$(HOME)/Applications";
				MACOSX_DEPLOYMENT_TARGET = 10.9;
				PRODUCT_BUNDLE_IDENTIFIER = "fr.antoinemercadal.${PRODUCT_NAME:identifier}";
				PRODUCT_NAME = SSHTunnel;
				SDKROOT = macosx;
			};
			name = Release;
		};
		C01FCF4F08A954540054247B /* Debug */ = {
			isa = XCBuildConfiguration;
			buildSettings = {
				CURRENT_PROJECT_VERSION = "beta 1";
				ENABLE_TESTABILITY = YES;
				GCC_C_LANGUAGE_STANDARD = c99;
				GCC_ENABLE_OBJC_GC = required;
				GCC_OPTIMIZATION_LEVEL = 0;
				GCC_WARN_ABOUT_RETURN_TYPE = YES;
				GCC_WARN_UNUSED_VARIABLE = YES;
				ONLY_ACTIVE_ARCH = YES;
				PRODUCT_NAME = SSHTunnel;
				SDKROOT = macosx;
			};
			name = Debug;
		};
		C01FCF5008A954540054247B /* Release */ = {
			isa = XCBuildConfiguration;
			buildSettings = {
				GCC_C_LANGUAGE_STANDARD = c99;
				GCC_ENABLE_OBJC_GC = required;
				GCC_WARN_ABOUT_RETURN_TYPE = YES;
				GCC_WARN_UNUSED_VARIABLE = YES;
				SDKROOT = macosx;
			};
			name = Release;
		};
/* End XCBuildConfiguration section */

/* Begin XCConfigurationList section */
		C01FCF4A08A954540054247B /* Build configuration list for PBXNativeTarget "SSHTunnel" */ = {
			isa = XCConfigurationList;
			buildConfigurations = (
				C01FCF4B08A954540054247B /* Debug */,
				C01FCF4C08A954540054247B /* Release */,
				0201B1210E5F3B9900148A1C /* Packaged */,
				029C39C20E5FA773009B7688 /* Featured */,
			);
			defaultConfigurationIsVisible = 0;
			defaultConfigurationName = Release;
		};
		C01FCF4E08A954540054247B /* Build configuration list for PBXProject "SSHTunnel" */ = {
			isa = XCConfigurationList;
			buildConfigurations = (
				C01FCF4F08A954540054247B /* Debug */,
				C01FCF5008A954540054247B /* Release */,
				0201B1200E5F3B9900148A1C /* Packaged */,
				029C39C10E5FA773009B7688 /* Featured */,
			);
			defaultConfigurationIsVisible = 0;
			defaultConfigurationName = Release;
		};
/* End XCConfigurationList section */
	};
	rootObject = 29B97313FDCFA39411CA2CEA /* Project object */;
}
